{
  "name": "@zheeno/mnemonic-cypher",
  "version": "1.1.1",
  "lockfileVersion": 2,
  "requires": true,
  "packages": {
    "": {
      "name": "@zheeno/mnemonic-cypher",
      "version": "1.1.1",
      "license": "ISC",
      "dependencies": {
        "cryptr": "^6.0.2",
        "mnemonic-words": "^1.1.0"
      }
    },
    "node_modules/cryptr": {
      "version": "6.0.2",
      "resolved": "https://registry.npmjs.org/cryptr/-/cryptr-6.0.2.tgz",
      "integrity": "sha512-1TRHI4bmuLIB8WgkH9eeYXzhEg1T4tonO4vVaMBKKde8Dre51J68nAgTVXTwMYXAf7+mV2gBCkm/9wksjSb2sA=="
    },
    "node_modules/mnemonic-words": {
      "version": "1.1.0",
      "resolved": "https://registry.npmjs.org/mnemonic-words/-/mnemonic-words-1.1.0.tgz",
      "integrity": "sha512-b327H3DdGw5EsM+Lv6ujPrA28JPpJSQuVsG+n63h7puYerBEOE/00Jz/XJmnx1fvjSLWmFeQtSFKrhX7g3jQuQ==",
      "engines": {
        "node": ">=8"
      }
    }
  },
  "dependencies": {
    "cryptr": {
      "version": "6.0.2",
      "resolved": "https://registry.npmjs.org/cryptr/-/cryptr-6.0.2.tgz",
      "integrity": "sha512-1TRHI4bmuLIB8WgkH9eeYXzhEg1T4tonO4vVaMBKKde8Dre51J68nAgTVXTwMYXAf7+mV2gBCkm/9wksjSb2sA=="
    },
    "mnemonic-words": {
      "version": "1.1.0",
      "resolved": "https://registry.npmjs.org/mnemonic-words/-/mnemonic-words-1.1.0.tgz",
      "integrity": "sha512-b327H3DdGw5EsM+Lv6ujPrA28JPpJSQuVsG+n63h7puYerBEOE/00Jz/XJmnx1fvjSLWmFeQtSFKrhX7g3jQuQ=="
    }
  }
}
